
Microsoft Visual Studio Solution File, Format Version 12.00
# Visual Studio Version 17
VisualStudioVersion = 17.7.34031.279
MinimumVisualStudioVersion = 10.0.40219.1
Project("{9A19103F-16F7-4668-BE54-9A1E7A4F7556}") = "TextEditor", "TextEditor.csproj", "{0313ACBA-FF4B-4D07-AA7B-7D73AD58D862}"
EndProject
Global
	GlobalSection(SolutionConfigurationPlatforms) = preSolution
		Debug|Any CPU = Debug|Any CPU
		Release|Any CPU = Release|Any CPU
	EndGlobalSection
	GlobalSection(ProjectConfigurationPlatforms) = postSolution
		{0313ACBA-FF4B-4D07-AA7B-7D73AD58D862}.Debug|Any CPU.ActiveCfg = Debug|Any CPU
		{0313ACBA-FF4B-4D07-AA7B-7D73AD58D862}.Debug|Any CPU.Build.0 = Debug|Any CPU
		{0313ACBA-FF4B-4D07-AA7B-7D73AD58D862}.Release|Any CPU.ActiveCfg = Release|Any CPU
		{0313ACBA-FF4B-4D07-AA7B-7D73AD58D862}.Release|Any CPU.Build.0 = Release|Any CPU
	EndGlobalSection
	GlobalSection(SolutionProperties) = preSolution
		HideSolutionNode = FALSE
	EndGlobalSection
	GlobalSection(ExtensibilityGlobals) = postSolution
		SolutionGuid = {A5FEA62C-1BA8-4459-89B0-6B4D277EA1C6}
	EndGlobalSection
EndGlobal
